
Microsoft Visual Studio Solution File, Format Version 12.00
# Visual Studio 2013
VisualStudioVersion = 12.0.31101.0
MinimumVisualStudioVersion = 10.0.40219.1
Project("{8BC9CEB8-8B4A-11D0-8D11-00A0C91BC942}") = "lua", "lua.vcxproj", "{241B9998-91C4-4562-A688-35F57C5C8F75}"
	ProjectSection(ProjectDependencies) = postProject
		{F4325E0A-B661-4611-834C-BD30AF043B6D} = {F4325E0A-B661-4611-834C-BD30AF043B6D}
	EndProjectSection
EndProject
Project("{8BC9CEB8-8B4A-11D0-8D11-00A0C91BC942}") = "luac", "luac.vcxproj", "{20046441-C26C-4504-A58A-970C79445DC8}"
	ProjectSection(ProjectDependencies) = postProject
		{F4325E0A-B661-4611-834C-BD30AF043B6D} = {F4325E0A-B661-4611-834C-BD30AF043B6D}
	EndProjectSection
EndProject
Project("{8BC9CEB8-8B4A-11D0-8D11-00A0C91BC942}") = "liblua", "liblua.vcxproj", "{F4325E0A-B661-4611-834C-BD30AF043B6D}"
EndProject
Global
	GlobalSection(SolutionConfigurationPlatforms) = preSolution
		Debug|Win32 = Debug|Win32
		Debug|x64 = Debug|x64
		Release|Win32 = Release|Win32
		Release|x64 = Release|x64
	EndGlobalSection
	GlobalSection(ProjectConfigurationPlatforms) = postSolution
		{241B9998-91C4-4562-A688-35F57C5C8F75}.Debug|Win32.ActiveCfg = Debug|Win32
		{241B9998-91C4-4562-A688-35F57C5C8F75}.Debug|Win32.Build.0 = Debug|Win32
		{241B9998-91C4-4562-A688-35F57C5C8F75}.Debug|x64.ActiveCfg = Debug|x64
		{241B9998-91C4-4562-A688-35F57C5C8F75}.Debug|x64.Build.0 = Debug|x64
		{241B9998-91C4-4562-A688-35F57C5C8F75}.Release|Win32.ActiveCfg = Release|Win32
		{241B9998-91C4-4562-A688-35F57C5C8F75}.Release|Win32.Build.0 = Release|Win32
		{241B9998-91C4-4562-A688-35F57C5C8F75}.Release|x64.ActiveCfg = Release|x64
		{241B9998-91C4-4562-A688-35F57C5C8F75}.Release|x64.Build.0 = Release|x64
		{20046441-C26C-4504-A58A-970C79445DC8}.Debug|Win32.ActiveCfg = Debug|Win32
		{20046441-C26C-4504-A58A-970C79445DC8}.Debug|Win32.Build.0 = Debug|Win32
		{20046441-C26C-4504-A58A-970C79445DC8}.Debug|x64.ActiveCfg = Debug|x64
		{20046441-C26C-4504-A58A-970C79445DC8}.Debug|x64.Build.0 = Debug|x64
		{20046441-C26C-4504-A58A-970C79445DC8}.Release|Win32.ActiveCfg = Release|Win32
		{20046441-C26C-4504-A58A-970C79445DC8}.Release|Win32.Build.0 = Release|Win32
		{20046441-C26C-4504-A58A-970C79445DC8}.Release|x64.ActiveCfg = Release|x64
		{20046441-C26C-4504-A58A-970C79445DC8}.Release|x64.Build.0 = Release|x64
		{F4325E0A-B661-4611-834C-BD30AF043B6D}.Debug|Win32.ActiveCfg = Debug|Win32
		{F4325E0A-B661-4611-834C-BD30AF043B6D}.Debug|Win32.Build.0 = Debug|Win32
		{F4325E0A-B661-4611-834C-BD30AF043B6D}.Debug|x64.ActiveCfg = Debug|x64
		{F4325E0A-B661-4611-834C-BD30AF043B6D}.Debug|x64.Build.0 = Debug|x64
		{F4325E0A-B661-4611-834C-BD30AF043B6D}.Release|Win32.ActiveCfg = Release|Win32
		{F4325E0A-B661-4611-834C-BD30AF043B6D}.Release|Win32.Build.0 = Release|Win32
		{F4325E0A-B661-4611-834C-BD30AF043B6D}.Release|x64.ActiveCfg = Release|x64
		{F4325E0A-B661-4611-834C-BD30AF043B6D}.Release|x64.Build.0 = Release|x64
	EndGlobalSection
	GlobalSection(SolutionProperties) = preSolution
		HideSolutionNode = FALSE
	EndGlobalSection
EndGlobal
